Microsoft Visual Studio Solution File, Format Version 12.00
# Visual Studio Version 16
VisualStudioVersion = 16.0.0.0
MinimumVisualStudioVersion = 16.0.0.0
Project("{9A19103F-16F7-4668-BE54-9A1E7A4F7556}") = "ProjektAbpd.Server", "Server\ProjektAbpd.Server.csproj", "{750E989A-DFDB-4C67-A287-2F1F3E9C3E52}"
EndProject
Project("{9A19103F-16F7-4668-BE54-9A1E7A4F7556}") = "ProjektAbpd.Client", "Client\ProjektAbpd.Client.csproj", "{01FE33DA-93F2-4411-B177-8FC38FE1D725}"
EndProject
Project("{9A19103F-16F7-4668-BE54-9A1E7A4F7556}") = "ProjektAbpd.Shared", "Shared\ProjektAbpd.Shared.csproj", "{6B371177-2921-41E6-B161-BDBD6EF3FFA9}"
EndProject
Global
	GlobalSection(SolutionConfigurationPlatforms) = preSolution
		Debug|Any CPU = Debug|Any CPU
		Debug|x64 = Debug|x64
		Debug|x86 = Debug|x86
		Release|Any CPU = Release|Any CPU
		Release|x64 = Release|x64
		Release|x86 = Release|x86
	EndGlobalSection
	GlobalSection(ProjectConfigurationPlatforms) = postSolution
		{01FE33DA-93F2-4411-B177-8FC38FE1D725}.Debug|Any CPU.ActiveCfg = Debug|Any CPU
		{01FE33DA-93F2-4411-B177-8FC38FE1D725}.Debug|Any CPU.Build.0 = Debug|Any CPU
		{01FE33DA-93F2-4411-B177-8FC38FE1D725}.Debug|x64.ActiveCfg = Debug|Any CPU
		{01FE33DA-93F2-4411-B177-8FC38FE1D725}.Debug|x64.Build.0 = Debug|Any CPU
		{01FE33DA-93F2-4411-B177-8FC38FE1D725}.Debug|x86.ActiveCfg = Debug|Any CPU
		{01FE33DA-93F2-4411-B177-8FC38FE1D725}.Debug|x86.Build.0 = Debug|Any CPU
		{01FE33DA-93F2-4411-B177-8FC38FE1D725}.Release|Any CPU.ActiveCfg = Release|Any CPU
		{01FE33DA-93F2-4411-B177-8FC38FE1D725}.Release|Any CPU.Build.0 = Release|Any CPU
		{01FE33DA-93F2-4411-B177-8FC38FE1D725}.Release|x64.ActiveCfg = Release|Any CPU
		{01FE33DA-93F2-4411-B177-8FC38FE1D725}.Release|x64.Build.0 = Release|Any CPU
		{01FE33DA-93F2-4411-B177-8FC38FE1D725}.Release|x86.ActiveCfg = Release|Any CPU
		{01FE33DA-93F2-4411-B177-8FC38FE1D725}.Release|x86.Build.0 = Release|Any CPU
		{750E989A-DFDB-4C67-A287-2F1F3E9C3E52}.Debug|Any CPU.ActiveCfg = Debug|Any CPU
		{750E989A-DFDB-4C67-A287-2F1F3E9C3E52}.Debug|Any CPU.Build.0 = Debug|Any CPU
		{750E989A-DFDB-4C67-A287-2F1F3E9C3E52}.Debug|x64.ActiveCfg = Debug|Any CPU
		{750E989A-DFDB-4C67-A287-2F1F3E9C3E52}.Debug|x64.Build.0 = Debug|Any CPU
		{750E989A-DFDB-4C67-A287-2F1F3E9C3E52}.Debug|x86.ActiveCfg = Debug|Any CPU
		{750E989A-DFDB-4C67-A287-2F1F3E9C3E52}.Debug|x86.Build.0 = Debug|Any CPU
		{750E989A-DFDB-4C67-A287-2F1F3E9C3E52}.Release|Any CPU.ActiveCfg = Release|Any CPU
		{750E989A-DFDB-4C67-A287-2F1F3E9C3E52}.Release|Any CPU.Build.0 = Release|Any CPU
		{750E989A-DFDB-4C67-A287-2F1F3E9C3E52}.Release|x64.ActiveCfg = Release|Any CPU
		{750E989A-DFDB-4C67-A287-2F1F3E9C3E52}.Release|x64.Build.0 = Release|Any CPU
		{750E989A-DFDB-4C67-A287-2F1F3E9C3E52}.Release|x86.ActiveCfg = Release|Any CPU
		{750E989A-DFDB-4C67-A287-2F1F3E9C3E52}.Release|x86.Build.0 = Release|Any CPU
		{6B371177-2921-41E6-B161-BDBD6EF3FFA9}.Debug|Any CPU.ActiveCfg = Debug|Any CPU
		{6B371177-2921-41E6-B161-BDBD6EF3FFA9}.Debug|Any CPU.Build.0 = Debug|Any CPU
		{6B371177-2921-41E6-B161-BDBD6EF3FFA9}.Debug|x64.ActiveCfg = Debug|Any CPU
		{6B371177-2921-41E6-B161-BDBD6EF3FFA9}.Debug|x64.Build.0 = Debug|Any CPU
		{6B371177-2921-41E6-B161-BDBD6EF3FFA9}.Debug|x86.ActiveCfg = Debug|Any CPU
		{6B371177-2921-41E6-B161-BDBD6EF3FFA9}.Debug|x86.Build.0 = Debug|Any CPU
		{6B371177-2921-41E6-B161-BDBD6EF3FFA9}.Release|Any CPU.ActiveCfg = Release|Any CPU
		{6B371177-2921-41E6-B161-BDBD6EF3FFA9}.Release|Any CPU.Build.0 = Release|Any CPU
		{6B371177-2921-41E6-B161-BDBD6EF3FFA9}.Release|x64.ActiveCfg = Release|Any CPU
		{6B371177-2921-41E6-B161-BDBD6EF3FFA9}.Release|x64.Build.0 = Release|Any CPU
		{6B371177-2921-41E6-B161-BDBD6EF3FFA9}.Release|x86.ActiveCfg = Release|Any CPU
		{6B371177-2921-41E6-B161-BDBD6EF3FFA9}.Release|x86.Build.0 = Release|Any CPU
	EndGlobalSection
	GlobalSection(SolutionProperties) = preSolution
		HideSolutionNode = FALSE
	EndGlobalSection
	GlobalSection(ExtensibilityGlobals) = postSolution
		SolutionGuid = {A1C2EFC2-9D04-43BA-A1ED-0EDFBC31CD9F}
	EndGlobalSection
EndGlobal